// !$*UTF8*$!
{
	archiveVersion = 1;
	classes = {
	};
	objectVersion = 56;
	objects = {

/* Begin PBXBuildFile section */
		279361292A947472008474DA /* Math4KidsApp.swift in Sources */ = {isa = PBXBuildFile; fileRef = 279361282A947472008474DA /* Math4KidsApp.swift */; };
		2793612B2A947472008474DA /* ContentView.swift in Sources */ = {isa = PBXBuildFile; fileRef = 2793612A2A947472008474DA /* ContentView.swift */; };
		2793612D2A947474008474DA /* Assets.xcassets in Resources */ = {isa = PBXBuildFile; fileRef = 2793612C2A947474008474DA /* Assets.xcassets */; };
		279361302A947474008474DA /* Preview Assets.xcassets in Resources */ = {isa = PBXBuildFile; fileRef = 2793612F2A947474008474DA /* Preview Assets.xcassets */; };
		2793613A2A947474008474DA /* Math4KidsTests.swift in Sources */ = {isa = PBXBuildFile; fileRef = 279361392A947474008474DA /* Math4KidsTests.swift */; };
		279361442A947474008474DA /* Math4KidsUITests.swift in Sources */ = {isa = PBXBuildFile; fileRef = 279361432A947474008474DA /* Math4KidsUITests.swift */; };
		279361462A947474008474DA /* Math4KidsUITestsLaunchTests.swift in Sources */ = {isa = PBXBuildFile; fileRef = 279361452A947474008474DA /* Math4KidsUITestsLaunchTests.swift */; };
		279361532A9474CE008474DA /* AdditionView.swift in Sources */ = {isa = PBXBuildFile; fileRef = 279361522A9474CE008474DA /* AdditionView.swift */; };
		279361552A9474DB008474DA /* AnswerButton.swift in Sources */ = {isa = PBXBuildFile; fileRef = 279361542A9474DB008474DA /* AnswerButton.swift */; };
		279361572A9474F2008474DA /* CountingColorView.swift in Sources */ = {isa = PBXBuildFile; fileRef = 279361562A9474F2008474DA /* CountingColorView.swift */; };
		279361592A9474FF008474DA /* CountingShapeView.swift in Sources */ = {isa = PBXBuildFile; fileRef = 279361582A9474FF008474DA /* CountingShapeView.swift */; };
		2793615B2A94754F008474DA /* CountingDotsView.swift in Sources */ = {isa = PBXBuildFile; fileRef = 2793615A2A94754F008474DA /* CountingDotsView.swift */; };
		2793615D2A94756A008474DA /* LetterCompleteView.swift in Sources */ = {isa = PBXBuildFile; fileRef = 2793615C2A94756A008474DA /* LetterCompleteView.swift */; };
/* End PBXBuildFile section */

/* Begin PBXContainerItemProxy section */
		279361362A947474008474DA /* PBXContainerItemProxy */ = {
			isa = PBXContainerItemProxy;
			containerPortal = 2793611D2A947472008474DA /* Project object */;
			proxyType = 1;
			remoteGlobalIDString = 279361242A947472008474DA;
			remoteInfo = Math4Kids;
		};
		279361402A947474008474DA /* PBXContainerItemProxy */ = {
			isa = PBXContainerItemProxy;
			containerPortal = 2793611D2A947472008474DA /* Project object */;
			proxyType = 1;
			remoteGlobalIDString = 279361242A947472008474DA;
			remoteInfo = Math4Kids;
		};
/* End PBXContainerItemProxy section */

/* Begin PBXFileReference section */
		279361252A947472008474DA /* Math4Kids.app */ = {isa = PBXFileReference; explicitFileType = wrapper.application; includeInIndex = 0; path = Math4Kids.app; sourceTree = BUILT_PRODUCTS_DIR; };
		279361282A947472008474DA /* Math4KidsApp.swift */ = {isa = PBXFileReference; lastKnownFileType = sourcecode.swift; path = Math4KidsApp.swift; sourceTree = "<group>"; };
		2793612A2A947472008474DA /* ContentView.swift */ = {isa = PBXFileReference; lastKnownFileType = sourcecode.swift; path = ContentView.swift; sourceTree = "<group>"; };
		2793612C2A947474008474DA /* Assets.xcassets */ = {isa = PBXFileReference; lastKnownFileType = folder.assetcatalog; path = Assets.xcassets; sourceTree = "<group>"; };
		2793612F2A947474008474DA /* Preview Assets.xcassets */ = {isa = PBXFileReference; lastKnownFileType = folder.assetcatalog; path = "Preview Assets.xcassets"; sourceTree = "<group>"; };
		279361352A947474008474DA /* Math4KidsTests.xctest */ = {isa = PBXFileReference; explicitFileType = wrapper.cfbundle; includeInIndex = 0; path = Math4KidsTests.xctest; sourceTree = BUILT_PRODUCTS_DIR; };
		279361392A947474008474DA /* Math4KidsTests.swift */ = {isa = PBXFileReference; lastKnownFileType = sourcecode.swift; path = Math4KidsTests.swift; sourceTree = "<group>"; };
		2793613F2A947474008474DA /* Math4KidsUITests.xctest */ = {isa = PBXFileReference; explicitFileType = wrapper.cfbundle; includeInIndex = 0; path = Math4KidsUITests.xctest; sourceTree = BUILT_PRODUCTS_DIR; };
		279361432A947474008474DA /* Math4KidsUITests.swift */ = {isa = PBXFileReference; lastKnownFileType = sourcecode.swift; path = Math4KidsUITests.swift; sourceTree = "<group>"; };
		279361452A947474008474DA /* Math4KidsUITestsLaunchTests.swift */ = {isa = PBXFileReference; lastKnownFileType = sourcecode.swift; path = Math4KidsUITestsLaunchTests.swift; sourceTree = "<group>"; };
		279361522A9474CE008474DA /* AdditionView.swift */ = {isa = PBXFileReference; lastKnownFileType = sourcecode.swift; path = AdditionView.swift; sourceTree = "<group>"; };
		279361542A9474DB008474DA /* AnswerButton.swift */ = {isa = PBXFileReference; lastKnownFileType = sourcecode.swift; path = AnswerButton.swift; sourceTree = "<group>"; };
		279361562A9474F2008474DA /* CountingColorView.swift */ = {isa = PBXFileReference; lastKnownFileType = sourcecode.swift; path = CountingColorView.swift; sourceTree = "<group>"; };
		279361582A9474FF008474DA /* CountingShapeView.swift */ = {isa = PBXFileReference; lastKnownFileType = sourcecode.swift; path = CountingShapeView.swift; sourceTree = "<group>"; };
		2793615A2A94754F008474DA /* CountingDotsView.swift */ = {isa = PBXFileReference; lastKnownFileType = sourcecode.swift; path = CountingDotsView.swift; sourceTree = "<group>"; };
		2793615C2A94756A008474DA /* LetterCompleteView.swift */ = {isa = PBXFileReference; lastKnownFileType = sourcecode.swift; path = LetterCompleteView.swift; sourceTree = "<group>"; };
/* End PBXFileReference section */

/* Begin PBXFrameworksBuildPhase section */
		279361222A947472008474DA /* Frameworks */ = {
			isa = PBXFrameworksBuildPhase;
			buildActionMask = 2147483647;
			files = (
			);
			runOnlyForDeploymentPostprocessing = 0;
		};
		279361322A947474008474DA /* Frameworks */ = {
			isa = PBXFrameworksBuildPhase;
			buildActionMask = 2147483647;
			files = (
			);
			runOnlyForDeploymentPostprocessing = 0;
		};
		2793613C2A947474008474DA /* Frameworks */ = {
			isa = PBXFrameworksBuildPhase;
			buildActionMask = 2147483647;
			files = (
			);
			runOnlyForDeploymentPostprocessing = 0;
		};
/* End PBXFrameworksBuildPhase section */

/* Begin PBXGroup section */
		2793611C2A947472008474DA = {
			isa = PBXGroup;
			children = (
				279361272A947472008474DA /* Math4Kids */,
				279361382A947474008474DA /* Math4KidsTests */,
				279361422A947474008474DA /* Math4KidsUITests */,
				279361262A947472008474DA /* Products */,
			);
			sourceTree = "<group>";
		};
		279361262A947472008474DA /* Products */ = {
			isa = PBXGroup;
			children = (
				279361252A947472008474DA /* Math4Kids.app */,
				279361352A947474008474DA /* Math4KidsTests.xctest */,
				2793613F2A947474008474DA /* Math4KidsUITests.xctest */,
			);
			name = Products;
			sourceTree = "<group>";
		};
		279361272A947472008474DA /* Math4Kids */ = {
			isa = PBXGroup;
			children = (
				279361282A947472008474DA /* Math4KidsApp.swift */,
				2793612A2A947472008474DA /* ContentView.swift */,
				2793612C2A947474008474DA /* Assets.xcassets */,
				2793612E2A947474008474DA /* Preview Content */,
				279361522A9474CE008474DA /* AdditionView.swift */,
				279361542A9474DB008474DA /* AnswerButton.swift */,
				279361562A9474F2008474DA /* CountingColorView.swift */,
				2793615A2A94754F008474DA /* CountingDotsView.swift */,
				279361582A9474FF008474DA /* CountingShapeView.swift */,
				2793615C2A94756A008474DA /* LetterCompleteView.swift */,
			);
			path = Math4Kids;
			sourceTree = "<group>";
		};
		2793612E2A947474008474DA /* Preview Content */ = {
			isa = PBXGroup;
			children = (
				2793612F2A947474008474DA /* Preview Assets.xcassets */,
			);
			path = "Preview Content";
			sourceTree = "<group>";
		};
		279361382A947474008474DA /* Math4KidsTests */ = {
			isa = PBXGroup;
			children = (
				279361392A947474008474DA /* Math4KidsTests.swift */,
			);
			path = Math4KidsTests;
			sourceTree = "<group>";
		};
		279361422A947474008474DA /* Math4KidsUITests */ = {
			isa = PBXGroup;
			children = (
				279361432A947474008474DA /* Math4KidsUITests.swift */,
				279361452A947474008474DA /* Math4KidsUITestsLaunchTests.swift */,
			);
			path = Math4KidsUITests;
			sourceTree = "<group>";
		};
/* End PBXGroup section */

/* Begin PBXNativeTarget section */
		279361242A947472008474DA /* Math4Kids */ = {
			isa = PBXNativeTarget;
			buildConfigurationList = 279361492A947474008474DA /* Build configuration list for PBXNativeTarget "Math4Kids" */;
			buildPhases = (
				279361212A947472008474DA /* Sources */,
				279361222A947472008474DA /* Frameworks */,
				279361232A947472008474DA /* Resources */,
			);
			buildRules = (
			);
			dependencies = (
			);
			name = Math4Kids;
			productName = Math4Kids;
			productReference = 279361252A947472008474DA /* Math4Kids.app */;
			productType = "com.apple.product-type.application";
		};
		279361342A947474008474DA /* Math4KidsTests */ = {
			isa = PBXNativeTarget;
			buildConfigurationList = 2793614C2A947474008474DA /* Build configuration list for PBXNativeTarget "Math4KidsTests" */;
			buildPhases = (
				279361312A947474008474DA /* Sources */,
				279361322A947474008474DA /* Frameworks */,
				279361332A947474008474DA /* Resources */,
			);
			buildRules = (
			);
			dependencies = (
				279361372A947474008474DA /* PBXTargetDependency */,
			);
			name = Math4KidsTests;
			productName = Math4KidsTests;
			productReference = 279361352A947474008474DA /* Math4KidsTests.xctest */;
			productType = "com.apple.product-type.bundle.unit-test";
		};
		2793613E2A947474008474DA /* Math4KidsUITests */ = {
			isa = PBXNativeTarget;
			buildConfigurationList = 2793614F2A947474008474DA /* Build configuration list for PBXNativeTarget "Math4KidsUITests" */;
			buildPhases = (
				2793613B2A947474008474DA /* Sources */,
				2793613C2A947474008474DA /* Frameworks */,
				2793613D2A947474008474DA /* Resources */,
			);
			buildRules = (
			);
			dependencies = (
				279361412A947474008474DA /* PBXTargetDependency */,
			);
			name = Math4KidsUITests;
			productName = Math4KidsUITests;
			productReference = 2793613F2A947474008474DA /* Math4KidsUITests.xctest */;
			productType = "com.apple.product-type.bundle.ui-testing";
		};
/* End PBXNativeTarget section */

/* Begin PBXProject section */
		2793611D2A947472008474DA /* Project object */ = {
			isa = PBXProject;
			attributes = {
				BuildIndependentTargetsInParallel = 1;
				LastSwiftUpdateCheck = 1430;
				LastUpgradeCheck = 1430;
				TargetAttributes = {
					279361242A947472008474DA = {
						CreatedOnToolsVersion = 14.3.1;
					};
					279361342A947474008474DA = {
						CreatedOnToolsVersion = 14.3.1;
						TestTargetID = 279361242A947472008474DA;
					};
					2793613E2A947474008474DA = {
						CreatedOnToolsVersion = 14.3.1;
						TestTargetID = 279361242A947472008474DA;
					};
				};
			};
			buildConfigurationList = 279361202A947472008474DA /* Build configuration list for PBXProject "Math4Kids" */;
			compatibilityVersion = "Xcode 14.0";
			developmentRegion = en;
			hasScannedForEncodings = 0;
			knownRegions = (
				en,
				Base,
			);
			mainGroup = 2793611C2A947472008474DA;
			productRefGroup = 279361262A947472008474DA /* Products */;
			projectDirPath = "";
			projectRoot = "";
			targets = (
				279361242A947472008474DA /* Math4Kids */,
				279361342A947474008474DA /* Math4KidsTests */,
				2793613E2A947474008474DA /* Math4KidsUITests */,
			);
		};
/* End PBXProject section */

/* Begin PBXResourcesBuildPhase section */
		279361232A947472008474DA /* Resources */ = {
			isa = PBXResourcesBuildPhase;
			buildActionMask = 2147483647;
			files = (
				279361302A947474008474DA /* Preview Assets.xcassets in Resources */,
				2793612D2A947474008474DA /* Assets.xcassets in Resources */,
			);
			runOnlyForDeploymentPostprocessing = 0;
		};
		279361332A947474008474DA /* Resources */ = {
			isa = PBXResourcesBuildPhase;
			buildActionMask = 2147483647;
			files = (
			);
			runOnlyForDeploymentPostprocessing = 0;
		};
		2793613D2A947474008474DA /* Resources */ = {
			isa = PBXResourcesBuildPhase;
			buildActionMask = 2147483647;
			files = (
			);
			runOnlyForDeploymentPostprocessing = 0;
		};
/* End PBXResourcesBuildPhase section */

/* Begin PBXSourcesBuildPhase section */
		279361212A947472008474DA /* Sources */ = {
			isa = PBXSourcesBuildPhase;
			buildActionMask = 2147483647;
			files = (
				2793612B2A947472008474DA /* ContentView.swift in Sources */,
				2793615B2A94754F008474DA /* CountingDotsView.swift in Sources */,
				279361552A9474DB008474DA /* AnswerButton.swift in Sources */,
				279361572A9474F2008474DA /* CountingColorView.swift in Sources */,
				279361292A947472008474DA /* Math4KidsApp.swift in Sources */,
				279361532A9474CE008474DA /* AdditionView.swift in Sources */,
				279361592A9474FF008474DA /* CountingShapeView.swift in Sources */,
				2793615D2A94756A008474DA /* LetterCompleteView.swift in Sources */,
			);
			runOnlyForDeploymentPostprocessing = 0;
		};
		279361312A947474008474DA /* Sources */ = {
			isa = PBXSourcesBuildPhase;
			buildActionMask = 2147483647;
			files = (
				2793613A2A947474008474DA /* Math4KidsTests.swift in Sources */,
			);
			runOnlyForDeploymentPostprocessing = 0;
		};
		2793613B2A947474008474DA /* Sources */ = {
			isa = PBXSourcesBuildPhase;
			buildActionMask = 2147483647;
			files = (
				279361462A947474008474DA /* Math4KidsUITestsLaunchTests.swift in Sources */,
				279361442A947474008474DA /* Math4KidsUITests.swift in Sources */,
			);
			runOnlyForDeploymentPostprocessing = 0;
		};
/* End PBXSourcesBuildPhase section */

/* Begin PBXTargetDependency section */
		279361372A947474008474DA /* PBXTargetDependency */ = {
			isa = PBXTargetDependency;
			target = 279361242A947472008474DA /* Math4Kids */;
			targetProxy = 279361362A947474008474DA /* PBXContainerItemProxy */;
		};
		279361412A947474008474DA /* PBXTargetDependency */ = {
			isa = PBXTargetDependency;
			target = 279361242A947472008474DA /* Math4Kids */;
			targetProxy = 279361402A947474008474DA /* PBXContainerItemProxy */;
		};
/* End PBXTargetDependency section */

/* Begin XCBuildConfiguration section */
		279361472A947474008474DA /* Debug */ = {
			isa = XCBuildConfiguration;
			buildSettings = {
				ALWAYS_SEARCH_USER_PATHS = NO;
				CLANG_ANALYZER_NONNULL = YES;
				CLANG_ANALYZER_NUMBER_OBJECT_CONVERSION = YES_AGGRESSIVE;
				CLANG_CXX_LANGUAGE_STANDARD = "gnu++20";
				CLANG_ENABLE_MODULES = YES;
				CLANG_ENABLE_OBJC_ARC = YES;
				CLANG_ENABLE_OBJC_WEAK = YES;
				CLANG_WARN_BLOCK_CAPTURE_AUTORELEASING = YES;
				CLANG_WARN_BOOL_CONVERSION = YES;
				CLANG_WARN_COMMA = YES;
				CLANG_WARN_CONSTANT_CONVERSION = YES;
				CLANG_WARN_DEPRECATED_OBJC_IMPLEMENTATIONS = YES;
				CLANG_WARN_DIRECT_OBJC_ISA_USAGE = YES_ERROR;
				CLANG_WARN_DOCUMENTATION_COMMENTS = YES;
				CLANG_WARN_EMPTY_BODY = YES;
				CLANG_WARN_ENUM_CONVERSION = YES;
				CLANG_WARN_INFINITE_RECURSION = YES;
				CLANG_WARN_INT_CONVERSION = YES;
				CLANG_WARN_NON_LITERAL_NULL_CONVERSION = YES;
				CLANG_WARN_OBJC_IMPLICIT_RETAIN_SELF = YES;
				CLANG_WARN_OBJC_LITERAL_CONVERSION = YES;
				CLANG_WARN_OBJC_ROOT_CLASS = YES_ERROR;
				CLANG_WARN_QUOTED_INCLUDE_IN_FRAMEWORK_HEADER = YES;
				CLANG_WARN_RANGE_LOOP_ANALYSIS = YES;
				CLANG_WARN_STRICT_PROTOTYPES = YES;
				CLANG_WARN_SUSPICIOUS_MOVE = YES;
				CLANG_WARN_UNGUARDED_AVAILABILITY = YES_AGGRESSIVE;
				CLANG_WARN_UNREACHABLE_CODE = YES;
				CLANG_WARN__DUPLICATE_METHOD_MATCH = YES;
				COPY_PHASE_STRIP = NO;
				DEBUG_INFORMATION_FORMAT = dwarf;
				ENABLE_STRICT_OBJC_MSGSEND = YES;
				ENABLE_TESTABILITY = YES;
				GCC_C_LANGUAGE_STANDARD = gnu11;
				GCC_DYNAMIC_NO_PIC = NO;
				GCC_NO_COMMON_BLOCKS = YES;
				GCC_OPTIMIZATION_LEVEL = 0;
				GCC_PREPROCESSOR_DEFINITIONS = (
					"DEBUG=1",
					"$(inherited)",
				);
				GCC_WARN_64_TO_32_BIT_CONVERSION = YES;
				GCC_WARN_ABOUT_RETURN_TYPE = YES_ERROR;
				GCC_WARN_UNDECLARED_SELECTOR = YES;
				GCC_WARN_UNINITIALIZED_AUTOS = YES_AGGRESSIVE;
				GCC_WARN_UNUSED_FUNCTION = YES;
				GCC_WARN_UNUSED_VARIABLE = YES;
				IPHONEOS_DEPLOYMENT_TARGET = 16.4;
				MTL_ENABLE_DEBUG_INFO = INCLUDE_SOURCE;
				MTL_FAST_MATH = YES;
				ONLY_ACTIVE_ARCH = YES;
				SDKROOT = iphoneos;
				SWIFT_ACTIVE_COMPILATION_CONDITIONS = DEBUG;
				SWIFT_OPTIMIZATION_LEVEL = "-Onone";
			};
			name = Debug;
		};
		279361482A947474008474DA /* Release */ = {
			isa = XCBuildConfiguration;
			buildSettings = {
				ALWAYS_SEARCH_USER_PATHS = NO;
				CLANG_ANALYZER_NONNULL = YES;
				CLANG_ANALYZER_NUMBER_OBJECT_CONVERSION = YES_AGGRESSIVE;
				CLANG_CXX_LANGUAGE_STANDARD = "gnu++20";
				CLANG_ENABLE_MODULES = YES;
				CLANG_ENABLE_OBJC_ARC = YES;
				CLANG_ENABLE_OBJC_WEAK = YES;
				CLANG_WARN_BLOCK_CAPTURE_AUTORELEASING = YES;
				CLANG_WARN_BOOL_CONVERSION = YES;
				CLANG_WARN_COMMA = YES;
				CLANG_WARN_CONSTANT_CONVERSION = YES;
				CLANG_WARN_DEPRECATED_OBJC_IMPLEMENTATIONS = YES;
				CLANG_WARN_DIRECT_OBJC_ISA_USAGE = YES_ERROR;
				CLANG_WARN_DOCUMENTATION_COMMENTS = YES;
				CLANG_WARN_EMPTY_BODY = YES;
				CLANG_WARN_ENUM_CONVERSION = YES;
				CLANG_WARN_INFINITE_RECURSION = YES;
				CLANG_WARN_INT_CONVERSION = YES;
				CLANG_WARN_NON_LITERAL_NULL_CONVERSION = YES;
				CLANG_WARN_OBJC_IMPLICIT_RETAIN_SELF = YES;
				CLANG_WARN_OBJC_LITERAL_CONVERSION = YES;
				CLANG_WARN_OBJC_ROOT_CLASS = YES_ERROR;
				CLANG_WARN_QUOTED_INCLUDE_IN_FRAMEWORK_HEADER = YES;
				CLANG_WARN_RANGE_LOOP_ANALYSIS = YES;
				CLANG_WARN_STRICT_PROTOTYPES = YES;
				CLANG_WARN_SUSPICIOUS_MOVE = YES;
				CLANG_WARN_UNGUARDED_AVAILABILITY = YES_AGGRESSIVE;
				CLANG_WARN_UNREACHABLE_CODE = YES;
				CLANG_WARN__DUPLICATE_METHOD_MATCH = YES;
				COPY_PHASE_STRIP = NO;
				DEBUG_INFORMATION_FORMAT = "dwarf-with-dsym";
				ENABLE_NS_ASSERTIONS = NO;
				ENABLE_STRICT_OBJC_MSGSEND = YES;
				GCC_C_LANGUAGE_STANDARD = gnu11;
				GCC_NO_COMMON_BLOCKS = YES;
				GCC_WARN_64_TO_32_BIT_CONVERSION = YES;
				GCC_WARN_ABOUT_RETURN_TYPE = YES_ERROR;
				GCC_WARN_UNDECLARED_SELECTOR = YES;
				GCC_WARN_UNINITIALIZED_AUTOS = YES_AGGRESSIVE;
				GCC_WARN_UNUSED_FUNCTION = YES;
				GCC_WARN_UNUSED_VARIABLE = YES;
				IPHONEOS_DEPLOYMENT_TARGET = 16.4;
				MTL_ENABLE_DEBUG_INFO = NO;
				MTL_FAST_MATH = YES;
				SDKROOT = iphoneos;
				SWIFT_COMPILATION_MODE = wholemodule;
				SWIFT_OPTIMIZATION_LEVEL = "-O";
				VALIDATE_PRODUCT = YES;
			};
			name = Release;
		};
		2793614A2A947474008474DA /* Debug */ = {
			isa = XCBuildConfiguration;
			buildSettings = {
				ASSETCATALOG_COMPILER_APPICON_NAME = AppIcon;
				ASSETCATALOG_COMPILER_GLOBAL_ACCENT_COLOR_NAME = AccentColor;
				CODE_SIGN_STYLE = Automatic;
				CURRENT_PROJECT_VERSION = 1;
				DEVELOPMENT_ASSET_PATHS = "\"Math4Kids/Preview Content\"";
				DEVELOPMENT_TEAM = 2355FPPX37;
				ENABLE_PREVIEWS = YES;
				GENERATE_INFOPLIST_FILE = YES;
				INFOPLIST_KEY_UIApplicationSceneManifest_Generation = YES;
				INFOPLIST_KEY_UIApplicationSupportsIndirectInputEvents = YES;
				INFOPLIST_KEY_UILaunchScreen_Generation = YES;
				INFOPLIST_KEY_UISupportedInterfaceOrientations_iPad = "UIInterfaceOrientationPortrait UIInterfaceOrientationPortraitUpsideDown UIInterfaceOrientationLandscapeLeft UIInterfaceOrientationLandscapeRight";
				INFOPLIST_KEY_UISupportedInterfaceOrientations_iPhone = "UIInterfaceOrientationPortrait UIInterfaceOrientationLandscapeLeft UIInterfaceOrientationLandscapeRight";
				LD_RUNPATH_SEARCH_PATHS = (
					"$(inherited)",
					"@executable_path/Frameworks",
				);
				MARKETING_VERSION = 1.0;
				PRODUCT_BUNDLE_IDENTIFIER = MH.Math4Kids;
				PRODUCT_NAME = "$(TARGET_NAME)";
				SWIFT_EMIT_LOC_STRINGS = YES;
				SWIFT_VERSION = 5.0;
				TARGETED_DEVICE_FAMILY = "1,2";
			};
			name = Debug;
		};
		2793614B2A947474008474DA /* Release */ = {
			isa = XCBuildConfiguration;
			buildSettings = {
				ASSETCATALOG_COMPILER_APPICON_NAME = AppIcon;
				ASSETCATALOG_COMPILER_GLOBAL_ACCENT_COLOR_NAME = AccentColor;
				CODE_SIGN_STYLE = Automatic;
				CURRENT_PROJECT_VERSION = 1;
				DEVELOPMENT_ASSET_PATHS = "\"Math4Kids/Preview Content\"";
				DEVELOPMENT_TEAM = 2355FPPX37;
				ENABLE_PREVIEWS = YES;
				GENERATE_INFOPLIST_FILE = YES;
				INFOPLIST_KEY_UIApplicationSceneManifest_Generation = YES;
				INFOPLIST_KEY_UIApplicationSupportsIndirectInputEvents = YES;
				INFOPLIST_KEY_UILaunchScreen_Generation = YES;
				INFOPLIST_KEY_UISupportedInterfaceOrientations_iPad = "UIInterfaceOrientationPortrait UIInterfaceOrientationPortraitUpsideDown UIInterfaceOrientationLandscapeLeft UIInterfaceOrientationLandscapeRight";
				INFOPLIST_KEY_UISupportedInterfaceOrientations_iPhone = "UIInterfaceOrientationPortrait UIInterfaceOrientationLandscapeLeft UIInterfaceOrientationLandscapeRight";
				LD_RUNPATH_SEARCH_PATHS = (
					"$(inherited)",
					"@executable_path/Frameworks",
				);
				MARKETING_VERSION = 1.0;
				PRODUCT_BUNDLE_IDENTIFIER = MH.Math4Kids;
				PRODUCT_NAME = "$(TARGET_NAME)";
				SWIFT_EMIT_LOC_STRINGS = YES;
				SWIFT_VERSION = 5.0;
				TARGETED_DEVICE_FAMILY = "1,2";
			};
			name = Release;
		};
		2793614D2A947474008474DA /* Debug */ = {
			isa = XCBuildConfiguration;
			buildSettings = {
				ALWAYS_EMBED_SWIFT_STANDARD_LIBRARIES = YES;
				BUNDLE_LOADER = "$(TEST_HOST)";
				CODE_SIGN_STYLE = Automatic;
				CURRENT_PROJECT_VERSION = 1;
				DEVELOPMENT_TEAM = 2355FPPX37;
				GENERATE_INFOPLIST_FILE = YES;
				IPHONEOS_DEPLOYMENT_TARGET = 16.4;
				MARKETING_VERSION = 1.0;
				PRODUCT_BUNDLE_IDENTIFIER = MH.Math4KidsTests;
				PRODUCT_NAME = "$(TARGET_NAME)";
				SWIFT_EMIT_LOC_STRINGS = NO;
				SWIFT_VERSION = 5.0;
				TARGETED_DEVICE_FAMILY = "1,2";
				TEST_HOST = "$(BUILT_PRODUCTS_DIR)/Math4Kids.app/$(BUNDLE_EXECUTABLE_FOLDER_PATH)/Math4Kids";
			};
			name = Debug;
		};
		2793614E2A947474008474DA /* Release */ = {
			isa = XCBuildConfiguration;
			buildSettings = {
				ALWAYS_EMBED_SWIFT_STANDARD_LIBRARIES = YES;
				BUNDLE_LOADER = "$(TEST_HOST)";
				CODE_SIGN_STYLE = Automatic;
				CURRENT_PROJECT_VERSION = 1;
				DEVELOPMENT_TEAM = 2355FPPX37;
				GENERATE_INFOPLIST_FILE = YES;
				IPHONEOS_DEPLOYMENT_TARGET = 16.4;
				MARKETING_VERSION = 1.0;
				PRODUCT_BUNDLE_IDENTIFIER = MH.Math4KidsTests;
				PRODUCT_NAME = "$(TARGET_NAME)";
				SWIFT_EMIT_LOC_STRINGS = NO;
				SWIFT_VERSION = 5.0;
				TARGETED_DEVICE_FAMILY = "1,2";
				TEST_HOST = "$(BUILT_PRODUCTS_DIR)/Math4Kids.app/$(BUNDLE_EXECUTABLE_FOLDER_PATH)/Math4Kids";
			};
			name = Release;
		};
		279361502A947474008474DA /* Debug */ = {
			isa = XCBuildConfiguration;
			buildSettings = {
				ALWAYS_EMBED_SWIFT_STANDARD_LIBRARIES = YES;
				CODE_SIGN_STYLE = Automatic;
				CURRENT_PROJECT_VERSION = 1;
				DEVELOPMENT_TEAM = 2355FPPX37;
				GENERATE_INFOPLIST_FILE = YES;
				MARKETING_VERSION = 1.0;
				PRODUCT_BUNDLE_IDENTIFIER = MH.Math4KidsUITests;
				PRODUCT_NAME = "$(TARGET_NAME)";
				SWIFT_EMIT_LOC_STRINGS = NO;
				SWIFT_VERSION = 5.0;
				TARGETED_DEVICE_FAMILY = "1,2";
				TEST_TARGET_NAME = Math4Kids;
			};
			name = Debug;
		};
		279361512A947474008474DA /* Release */ = {
			isa = XCBuildConfiguration;
			buildSettings = {
				ALWAYS_EMBED_SWIFT_STANDARD_LIBRARIES = YES;
				CODE_SIGN_STYLE = Automatic;
				CURRENT_PROJECT_VERSION = 1;
				DEVELOPMENT_TEAM = 2355FPPX37;
				GENERATE_INFOPLIST_FILE = YES;
				MARKETING_VERSION = 1.0;
				PRODUCT_BUNDLE_IDENTIFIER = MH.Math4KidsUITests;
				PRODUCT_NAME = "$(TARGET_NAME)";
				SWIFT_EMIT_LOC_STRINGS = NO;
				SWIFT_VERSION = 5.0;
				TARGETED_DEVICE_FAMILY = "1,2";
				TEST_TARGET_NAME = Math4Kids;
			};
			name = Release;
		};
/* End XCBuildConfiguration section */

/* Begin XCConfigurationList section */
		279361202A947472008474DA /* Build configuration list for PBXProject "Math4Kids" */ = {
			isa = XCConfigurationList;
			buildConfigurations = (
				279361472A947474008474DA /* Debug */,
				279361482A947474008474DA /* Release */,
			);
			defaultConfigurationIsVisible = 0;
			defaultConfigurationName = Release;
		};
		279361492A947474008474DA /* Build configuration list for PBXNativeTarget "Math4Kids" */ = {
			isa = XCConfigurationList;
			buildConfigurations = (
				2793614A2A947474008474DA /* Debug */,
				2793614B2A947474008474DA /* Release */,
			);
			defaultConfigurationIsVisible = 0;
			defaultConfigurationName = Release;
		};
		2793614C2A947474008474DA /* Build configuration list for PBXNativeTarget "Math4KidsTests" */ = {
			isa = XCConfigurationList;
			buildConfigurations = (
				2793614D2A947474008474DA /* Debug */,
				2793614E2A947474008474DA /* Release */,
			);
			defaultConfigurationIsVisible = 0;
			defaultConfigurationName = Release;
		};
		2793614F2A947474008474DA /* Build configuration list for PBXNativeTarget "Math4KidsUITests" */ = {
			isa = XCConfigurationList;
			buildConfigurations = (
				279361502A947474008474DA /* Debug */,
				279361512A947474008474DA /* Release */,
			);
			defaultConfigurationIsVisible = 0;
			defaultConfigurationName = Release;
		};
/* End XCConfigurationList section */
	};
	rootObject = 2793611D2A947472008474DA /* Project object */;
}
